{
  "name": "pys_chessbot",
  "lockfileVersion": 2,
  "requires": true,
  "packages": {
    "": {
      "dependencies": {
        "react": "^16.14.0",
        "react-chessboard": "^1.2.5",
        "react-dom": "^16.14.0"
      }
    },
    "node_modules/@babel/runtime": {
      "version": "7.18.3",
      "resolved": "https://registry.npmjs.org/@babel/runtime/-/runtime-7.18.3.tgz",
      "integrity": "sha512-38Y8f7YUhce/K7RMwTp7m0uCumpv9hZkitCbBClqQIow1qSbCvGkcegKOXpEWCQLfWmevgRiWokZ1GkpfhbZug==",
      "dependencies": {
        "regenerator-runtime": "^0.13.4"
      },
      "engines": {
        "node": ">=6.9.0"
      }
    },
    "node_modules/@react-dnd/asap": {
      "version": "4.0.1",
      "resolved": "https://registry.npmjs.org/@react-dnd/asap/-/asap-4.0.1.tgz",
      "integrity": "sha512-kLy0PJDDwvwwTXxqTFNAAllPHD73AycE9ypWeln/IguoGBEbvFcPDbCV03G52bEcC5E+YgupBE0VzHGdC8SIXg=="
    },
    "node_modules/@react-dnd/invariant": {
      "version": "2.0.0",
      "resolved": "https://registry.npmjs.org/@react-dnd/invariant/-/invariant-2.0.0.tgz",
      "integrity": "sha512-xL4RCQBCBDJ+GRwKTFhGUW8GXa4yoDfJrPbLblc3U09ciS+9ZJXJ3Qrcs/x2IODOdIE5kQxvMmE2UKyqUictUw=="
    },
    "node_modules/@react-dnd/shallowequal": {
      "version": "2.0.0",
      "resolved": "https://registry.npmjs.org/@react-dnd/shallowequal/-/shallowequal-2.0.0.tgz",
      "integrity": "sha512-Pc/AFTdwZwEKJxFJvlxrSmGe/di+aAOBn60sremrpLo6VI/6cmiUYNNwlI5KNYttg7uypzA3ILPMPgxB2GYZEg=="
    },
    "node_modules/@types/hoist-non-react-statics": {
      "version": "3.3.1",
      "resolved": "https://registry.npmjs.org/@types/hoist-non-react-statics/-/hoist-non-react-statics-3.3.1.tgz",
      "integrity": "sha512-iMIqiko6ooLrTh1joXodJK5X9xeEALT1kM5G3ZLhD3hszxBdIEd5C75U834D9mLcINgD4OyZf5uQXjkuYydWvA==",
      "peer": true,
      "dependencies": {
        "@types/react": "*",
        "hoist-non-react-statics": "^3.3.0"
      }
    },
    "node_modules/@types/prop-types": {
      "version": "15.7.5",
      "resolved": "https://registry.npmjs.org/@types/prop-types/-/prop-types-15.7.5.tgz",
      "integrity": "sha512-JCB8C6SnDoQf0cNycqd/35A7MjcnK+ZTqE7judS6o7utxUCg6imJg3QK2qzHKszlTjcj2cn+NwMB2i96ubpj7w==",
      "peer": true
    },
    "node_modules/@types/react": {
      "version": "18.0.13",
      "resolved": "https://registry.npmjs.org/@types/react/-/react-18.0.13.tgz",
      "integrity": "sha512-psqptIYQxGUFuGYwP3KCFVtPTkMpIcrqFmtKblWEUQhLuYLpHBwJkXhjp6eHfDM5IbyskY4x7qQpLedEsPkHlA==",
      "peer": true,
      "dependencies": {
        "@types/prop-types": "*",
        "@types/scheduler": "*",
        "csstype": "^3.0.2"
      }
    },
    "node_modules/@types/scheduler": {
      "version": "0.16.2",
      "resolved": "https://registry.npmjs.org/@types/scheduler/-/scheduler-0.16.2.tgz",
      "integrity": "sha512-hppQEBDmlwhFAXKJX2KnWLYu5yMfi91yazPb2l+lbJiwW+wdo1gNeRA+3RgNSO39WYX2euey41KEwnqesU2Jew==",
      "peer": true
    },
    "node_modules/csstype": {
      "version": "3.1.0",
      "resolved": "https://registry.npmjs.org/csstype/-/csstype-3.1.0.tgz",
      "integrity": "sha512-uX1KG+x9h5hIJsaKR9xHUeUraxf8IODOwq9JLNPq6BwB04a/xgpq3rcx47l5BZu5zBPlgD342tdke3Hom/nJRA==",
      "peer": true
    },
    "node_modules/dnd-core": {
      "version": "14.0.1",
      "resolved": "https://registry.npmjs.org/dnd-core/-/dnd-core-14.0.1.tgz",
      "integrity": "sha512-+PVS2VPTgKFPYWo3vAFEA8WPbTf7/xo43TifH9G8S1KqnrQu0o77A3unrF5yOugy4mIz7K5wAVFHUcha7wsz6A==",
      "dependencies": {
        "@react-dnd/asap": "^4.0.0",
        "@react-dnd/invariant": "^2.0.0",
        "redux": "^4.1.1"
      }
    },
    "node_modules/dnd-multi-backend": {
      "version": "6.0.0",
      "resolved": "https://registry.npmjs.org/dnd-multi-backend/-/dnd-multi-backend-6.0.0.tgz",
      "integrity": "sha512-qfUO4V0IACs24xfE9m9OUnwIzoL+SWzSiFbKVIHE0pFddJeZ93BZOdHS1XEYr8X3HNh+CfnfjezXgOMgjvh74g=="
    },
    "node_modules/fast-deep-equal": {
      "version": "3.1.3",
      "resolved": "https://registry.npmjs.org/fast-deep-equal/-/fast-deep-equal-3.1.3.tgz",
      "integrity": "sha512-f3qQ9oQy9j2AhBe/H9VC91wLmKBCCU/gDOnKNAYG5hswO7BLKj09Hc5HYNz9cGI++xlpDCIgDaitVs03ATR84Q=="
    },
    "node_modules/hoist-non-react-statics": {
      "version": "3.3.2",
      "resolved": "https://registry.npmjs.org/hoist-non-react-statics/-/hoist-non-react-statics-3.3.2.tgz",
      "integrity": "sha512-/gGivxi8JPKWNm/W0jSmzcMPpfpPLc3dY/6GxhX2hQ9iGj3aDfklV4ET7NjKpSinLpJ5vafa9iiGIEZg10SfBw==",
      "dependencies": {
        "react-is": "^16.7.0"
      }
    },
    "node_modules/js-tokens": {
      "version": "4.0.0",
      "resolved": "https://registry.npmjs.org/js-tokens/-/js-tokens-4.0.0.tgz",
      "integrity": "sha512-RdJUflcE3cUzKiMqQgsCu06FPu9UdIJO0beYbPhHN4k6apgJtifcoCtT9bcxOpYBtpD2kCM6Sbzg4CausW/PKQ=="
    },
    "node_modules/loose-envify": {
      "version": "1.4.0",
      "resolved": "https://registry.npmjs.org/loose-envify/-/loose-envify-1.4.0.tgz",
      "integrity": "sha512-lyuxPGr/Wfhrlem2CL/UcnUc1zcqKAImBDzukY7Y5F/yQiNdko6+fRLevlw1HgMySw7f611UIY408EtxRSoK3Q==",
      "dependencies": {
        "js-tokens": "^3.0.0 || ^4.0.0"
      },
      "bin": {
        "loose-envify": "cli.js"
      }
    },
    "node_modules/object-assign": {
      "version": "4.1.1",
      "resolved": "https://registry.npmjs.org/object-assign/-/object-assign-4.1.1.tgz",
      "integrity": "sha512-rJgTQnkUnH1sFw8yT6VSU3zD3sWmu6sZhIseY8VX+GRu3P6F7Fu+JNDoXfklElbLJSnc3FUQHVe4cU5hj+BcUg==",
      "engines": {
        "node": ">=0.10.0"
      }
    },
    "node_modules/prop-types": {
      "version": "15.8.1",
      "resolved": "https://registry.npmjs.org/prop-types/-/prop-types-15.8.1.tgz",
      "integrity": "sha512-oj87CgZICdulUohogVAR7AjlC0327U4el4L6eAvOqCeudMDVU0NThNaV+b9Df4dXgSP1gXMTnPdhfe/2qDH5cg==",
      "dependencies": {
        "loose-envify": "^1.4.0",
        "object-assign": "^4.1.1",
        "react-is": "^16.13.1"
      }
    },
    "node_modules/react": {
      "version": "16.14.0",
      "resolved": "https://registry.npmjs.org/react/-/react-16.14.0.tgz",
      "integrity": "sha512-0X2CImDkJGApiAlcf0ODKIneSwBPhqJawOa5wCtKbu7ZECrmS26NvtSILynQ66cgkT/RJ4LidJOc3bUESwmU8g==",
      "dependencies": {
        "loose-envify": "^1.1.0",
        "object-assign": "^4.1.1",
        "prop-types": "^15.6.2"
      },
      "engines": {
        "node": ">=0.10.0"
      }
    },
    "node_modules/react-chessboard": {
      "version": "1.2.5",
      "resolved": "https://registry.npmjs.org/react-chessboard/-/react-chessboard-1.2.5.tgz",
      "integrity": "sha512-7RC9xGiy8jBwVyVlUxuUkIaviroAEhaJBKlHwSJPKwMJ8MGiKd5pbaYC6XLT+qLU4nOetxF+qPFGB8P3ME+v6A==",
      "dependencies": {
        "react-dnd": "^14.0.3",
        "react-dnd-html5-backend": "^14.0.1",
        "react-dnd-multi-backend": "^6.0.2",
        "react-dnd-touch-backend": "^14.1.0"
      },
      "peerDependencies": {
        "react": "^16.14.0 || ^17.0.2 || ^18.0.1",
        "react-dom": "^16.14.0 || ^17.0.2 || ^18.0.1"
      }
    },
    "node_modules/react-chessboard/node_modules/react-dnd-html5-backend": {
      "version": "14.1.0",
      "resolved": "https://registry.npmjs.org/react-dnd-html5-backend/-/react-dnd-html5-backend-14.1.0.tgz",
      "integrity": "sha512-6ONeqEC3XKVf4eVmMTe0oPds+c5B9Foyj8p/ZKLb7kL2qh9COYxiBHv3szd6gztqi/efkmriywLUVlPotqoJyw==",
      "dependencies": {
        "dnd-core": "14.0.1"
      }
    },
    "node_modules/react-chessboard/node_modules/react-dnd-touch-backend": {
      "version": "14.1.1",
      "resolved": "https://registry.npmjs.org/react-dnd-touch-backend/-/react-dnd-touch-backend-14.1.1.tgz",
      "integrity": "sha512-ITmfzn3fJrkUBiVLO6aJZcnu7T8C+GfwZitFryGsXKn5wYcUv+oQBeh9FYcMychmVbDdeUCfvEtTk9O+DKmAaw==",
      "dependencies": {
        "@react-dnd/invariant": "^2.0.0",
        "dnd-core": "14.0.1"
      }
    },
    "node_modules/react-dnd": {
      "version": "14.0.5",
      "resolved": "https://registry.npmjs.org/react-dnd/-/react-dnd-14.0.5.tgz",
      "integrity": "sha512-9i1jSgbyVw0ELlEVt/NkCUkxy1hmhJOkePoCH713u75vzHGyXhPDm28oLfc2NMSBjZRM1Y+wRjHXJT3sPrTy+A==",
      "dependencies": {
        "@react-dnd/invariant": "^2.0.0",
        "@react-dnd/shallowequal": "^2.0.0",
        "dnd-core": "14.0.1",
        "fast-deep-equal": "^3.1.3",
        "hoist-non-react-statics": "^3.3.2"
      },
      "peerDependencies": {
        "@types/hoist-non-react-statics": ">= 3.3.1",
        "@types/node": ">= 12",
        "@types/react": ">= 16",
        "react": ">= 16.14"
      },
      "peerDependenciesMeta": {
        "@types/hoist-non-react-statics": {
          "optional": true
        },
        "@types/node": {
          "optional": true
        },
        "@types/react": {
          "optional": true
        }
      }
    },
    "node_modules/react-dnd-html5-backend": {
      "version": "11.1.3",
      "resolved": "https://registry.npmjs.org/react-dnd-html5-backend/-/react-dnd-html5-backend-11.1.3.tgz",
      "integrity": "sha512-/1FjNlJbW/ivkUxlxQd7o3trA5DE33QiRZgxent3zKme8DwF4Nbw3OFVhTRFGaYhHFNL1rZt6Rdj1D78BjnNLw==",
      "peer": true,
      "dependencies": {
        "dnd-core": "^11.1.3"
      }
    },
    "node_modules/react-dnd-html5-backend/node_modules/dnd-core": {
      "version": "11.1.3",
      "resolved": "https://registry.npmjs.org/dnd-core/-/dnd-core-11.1.3.tgz",
      "integrity": "sha512-QugF55dNW+h+vzxVJ/LSJeTeUw9MCJ2cllhmVThVPEtF16ooBkxj0WBE5RB+AceFxMFo1rO6bJKXtqKl+JNnyA==",
      "peer": true,
      "dependencies": {
        "@react-dnd/asap": "^4.0.0",
        "@react-dnd/invariant": "^2.0.0",
        "redux": "^4.0.4"
      }
    },
    "node_modules/react-dnd-multi-backend": {
      "version": "6.0.2",
      "resolved": "https://registry.npmjs.org/react-dnd-multi-backend/-/react-dnd-multi-backend-6.0.2.tgz",
      "integrity": "sha512-SwpqRv0HkJYu244FbHf9NbvGzGy14Ir9wIAhm909uvOVaHgsOq6I1THMSWSgpwUI31J3Bo5uS19tuvGpVPjzZw==",
      "dependencies": {
        "dnd-multi-backend": "^6.0.0",
        "prop-types": "^15.7.2",
        "react-dnd-preview": "^6.0.2"
      },
      "peerDependencies": {
        "react": "^16.13",
        "react-dnd-html5-backend": "^11.1.3",
        "react-dnd-touch-backend": "^11.1.3",
        "react-dom": "^16.13"
      }
    },
    "node_modules/react-dnd-multi-backend/node_modules/dnd-core": {
      "version": "11.1.3",
      "resolved": "https://registry.npmjs.org/dnd-core/-/dnd-core-11.1.3.tgz",
      "integrity": "sha512-QugF55dNW+h+vzxVJ/LSJeTeUw9MCJ2cllhmVThVPEtF16ooBkxj0WBE5RB+AceFxMFo1rO6bJKXtqKl+JNnyA==",
      "peer": true,
      "dependencies": {
        "@react-dnd/asap": "^4.0.0",
        "@react-dnd/invariant": "^2.0.0",
        "redux": "^4.0.4"
      }
    },
    "node_modules/react-dnd-multi-backend/node_modules/react-dnd": {
      "version": "11.1.3",
      "resolved": "https://registry.npmjs.org/react-dnd/-/react-dnd-11.1.3.tgz",
      "integrity": "sha512-8rtzzT8iwHgdSC89VktwhqdKKtfXaAyC4wiqp0SywpHG12TTLvfOoL6xNEIUWXwIEWu+CFfDn4GZJyynCEuHIQ==",
      "peer": true,
      "dependencies": {
        "@react-dnd/shallowequal": "^2.0.0",
        "@types/hoist-non-react-statics": "^3.3.1",
        "dnd-core": "^11.1.3",
        "hoist-non-react-statics": "^3.3.0"
      },
      "peerDependencies": {
        "react": ">= 16.9.0",
        "react-dom": ">= 16.9.0"
      }
    },
    "node_modules/react-dnd-multi-backend/node_modules/react-dnd-preview": {
      "version": "6.0.2",
      "resolved": "https://registry.npmjs.org/react-dnd-preview/-/react-dnd-preview-6.0.2.tgz",
      "integrity": "sha512-F2+uK4Be+q+7mZfNh9kaZols7wp1hX6G7UBTVaTpDsBpMhjFvY7/v7odxYSerSFBShh23MJl33a4XOVRFj1zoQ==",
      "dependencies": {
        "prop-types": "^15.7.2"
      },
      "peerDependencies": {
        "react": "^16.13.1",
        "react-dnd": "^11.1.3"
      }
    },
    "node_modules/react-dnd-touch-backend": {
      "version": "11.1.3",
      "resolved": "https://registry.npmjs.org/react-dnd-touch-backend/-/react-dnd-touch-backend-11.1.3.tgz",
      "integrity": "sha512-8lz4fxfYwUuJ6Y2seQYwh8+OfwKcbBX0CIbz7AwXfBYz54Wg2nIDU6CP8Dyybt/Wyx4D3oXmTPEaOMB62uqJvQ==",
      "peer": true,
      "dependencies": {
        "@react-dnd/invariant": "^2.0.0",
        "dnd-core": "^11.1.3"
      }
    },
    "node_modules/react-dnd-touch-backend/node_modules/dnd-core": {
      "version": "11.1.3",
      "resolved": "https://registry.npmjs.org/dnd-core/-/dnd-core-11.1.3.tgz",
      "integrity": "sha512-QugF55dNW+h+vzxVJ/LSJeTeUw9MCJ2cllhmVThVPEtF16ooBkxj0WBE5RB+AceFxMFo1rO6bJKXtqKl+JNnyA==",
      "peer": true,
      "dependencies": {
        "@react-dnd/asap": "^4.0.0",
        "@react-dnd/invariant": "^2.0.0",
        "redux": "^4.0.4"
      }
    },
    "node_modules/react-dom": {
      "version": "16.14.0",
      "resolved": "https://registry.npmjs.org/react-dom/-/react-dom-16.14.0.tgz",
      "integrity": "sha512-1gCeQXDLoIqMgqD3IO2Ah9bnf0w9kzhwN5q4FGnHZ67hBm9yePzB5JJAIQCc8x3pFnNlwFq4RidZggNAAkzWWw==",
      "dependencies": {
        "loose-envify": "^1.1.0",
        "object-assign": "^4.1.1",
        "prop-types": "^15.6.2",
        "scheduler": "^0.19.1"
      },
      "peerDependencies": {
        "react": "^16.14.0"
      }
    },
    "node_modules/react-is": {
      "version": "16.13.1",
      "resolved": "https://registry.npmjs.org/react-is/-/react-is-16.13.1.tgz",
      "integrity": "sha512-24e6ynE2H+OKt4kqsOvNd8kBpV65zoxbA4BVsEOB3ARVWQki/DHzaUoC5KuON/BiccDaCCTZBuOcfZs70kR8bQ=="
    },
    "node_modules/redux": {
      "version": "4.2.0",
      "resolved": "https://registry.npmjs.org/redux/-/redux-4.2.0.tgz",
      "integrity": "sha512-oSBmcKKIuIR4ME29/AeNUnl5L+hvBq7OaJWzaptTQJAntaPvxIJqfnjbaEiCzzaIz+XmVILfqAM3Ob0aXLPfjA==",
      "dependencies": {
        "@babel/runtime": "^7.9.2"
      }
    },
    "node_modules/regenerator-runtime": {
      "version": "0.13.9",
      "resolved": "https://registry.npmjs.org/regenerator-runtime/-/regenerator-runtime-0.13.9.tgz",
      "integrity": "sha512-p3VT+cOEgxFsRRA9X4lkI1E+k2/CtnKtU4gcxyaCUreilL/vqI6CdZ3wxVUx3UOUg+gnUOQQcRI7BmSI656MYA=="
    },
    "node_modules/scheduler": {
      "version": "0.19.1",
      "resolved": "https://registry.npmjs.org/scheduler/-/scheduler-0.19.1.tgz",
      "integrity": "sha512-n/zwRWRYSUj0/3g/otKDRPMh6qv2SYMWNq85IEa8iZyAv8od9zDYpGSnpBEjNgcMNq6Scbu5KfIPxNF72R/2EA==",
      "dependencies": {
        "loose-envify": "^1.1.0",
        "object-assign": "^4.1.1"
      }
    }
  },
  "dependencies": {
    "@babel/runtime": {
      "version": "7.18.3",
      "resolved": "https://registry.npmjs.org/@babel/runtime/-/runtime-7.18.3.tgz",
      "integrity": "sha512-38Y8f7YUhce/K7RMwTp7m0uCumpv9hZkitCbBClqQIow1qSbCvGkcegKOXpEWCQLfWmevgRiWokZ1GkpfhbZug==",
      "requires": {
        "regenerator-runtime": "^0.13.4"
      }
    },
    "@react-dnd/asap": {
      "version": "4.0.1",
      "resolved": "https://registry.npmjs.org/@react-dnd/asap/-/asap-4.0.1.tgz",
      "integrity": "sha512-kLy0PJDDwvwwTXxqTFNAAllPHD73AycE9ypWeln/IguoGBEbvFcPDbCV03G52bEcC5E+YgupBE0VzHGdC8SIXg=="
    },
    "@react-dnd/invariant": {
      "version": "2.0.0",
      "resolved": "https://registry.npmjs.org/@react-dnd/invariant/-/invariant-2.0.0.tgz",
      "integrity": "sha512-xL4RCQBCBDJ+GRwKTFhGUW8GXa4yoDfJrPbLblc3U09ciS+9ZJXJ3Qrcs/x2IODOdIE5kQxvMmE2UKyqUictUw=="
    },
    "@react-dnd/shallowequal": {
      "version": "2.0.0",
      "resolved": "https://registry.npmjs.org/@react-dnd/shallowequal/-/shallowequal-2.0.0.tgz",
      "integrity": "sha512-Pc/AFTdwZwEKJxFJvlxrSmGe/di+aAOBn60sremrpLo6VI/6cmiUYNNwlI5KNYttg7uypzA3ILPMPgxB2GYZEg=="
    },
    "@types/hoist-non-react-statics": {
      "version": "3.3.1",
      "resolved": "https://registry.npmjs.org/@types/hoist-non-react-statics/-/hoist-non-react-statics-3.3.1.tgz",
      "integrity": "sha512-iMIqiko6ooLrTh1joXodJK5X9xeEALT1kM5G3ZLhD3hszxBdIEd5C75U834D9mLcINgD4OyZf5uQXjkuYydWvA==",
      "peer": true,
      "requires": {
        "@types/react": "*",
        "hoist-non-react-statics": "^3.3.0"
      }
    },
    "@types/prop-types": {
      "version": "15.7.5",
      "resolved": "https://registry.npmjs.org/@types/prop-types/-/prop-types-15.7.5.tgz",
      "integrity": "sha512-JCB8C6SnDoQf0cNycqd/35A7MjcnK+ZTqE7judS6o7utxUCg6imJg3QK2qzHKszlTjcj2cn+NwMB2i96ubpj7w==",
      "peer": true
    },
    "@types/react": {
      "version": "18.0.13",
      "resolved": "https://registry.npmjs.org/@types/react/-/react-18.0.13.tgz",
      "integrity": "sha512-psqptIYQxGUFuGYwP3KCFVtPTkMpIcrqFmtKblWEUQhLuYLpHBwJkXhjp6eHfDM5IbyskY4x7qQpLedEsPkHlA==",
      "peer": true,
      "requires": {
        "@types/prop-types": "*",
        "@types/scheduler": "*",
        "csstype": "^3.0.2"
      }
    },
    "@types/scheduler": {
      "version": "0.16.2",
      "resolved": "https://registry.npmjs.org/@types/scheduler/-/scheduler-0.16.2.tgz",
      "integrity": "sha512-hppQEBDmlwhFAXKJX2KnWLYu5yMfi91yazPb2l+lbJiwW+wdo1gNeRA+3RgNSO39WYX2euey41KEwnqesU2Jew==",
      "peer": true
    },
    "csstype": {
      "version": "3.1.0",
      "resolved": "https://registry.npmjs.org/csstype/-/csstype-3.1.0.tgz",
      "integrity": "sha512-uX1KG+x9h5hIJsaKR9xHUeUraxf8IODOwq9JLNPq6BwB04a/xgpq3rcx47l5BZu5zBPlgD342tdke3Hom/nJRA==",
      "peer": true
    },
    "dnd-core": {
      "version": "14.0.1",
      "resolved": "https://registry.npmjs.org/dnd-core/-/dnd-core-14.0.1.tgz",
      "integrity": "sha512-+PVS2VPTgKFPYWo3vAFEA8WPbTf7/xo43TifH9G8S1KqnrQu0o77A3unrF5yOugy4mIz7K5wAVFHUcha7wsz6A==",
      "requires": {
        "@react-dnd/asap": "^4.0.0",
        "@react-dnd/invariant": "^2.0.0",
        "redux": "^4.1.1"
      }
    },
    "dnd-multi-backend": {
      "version": "6.0.0",
      "resolved": "https://registry.npmjs.org/dnd-multi-backend/-/dnd-multi-backend-6.0.0.tgz",
      "integrity": "sha512-qfUO4V0IACs24xfE9m9OUnwIzoL+SWzSiFbKVIHE0pFddJeZ93BZOdHS1XEYr8X3HNh+CfnfjezXgOMgjvh74g=="
    },
    "fast-deep-equal": {
      "version": "3.1.3",
      "resolved": "https://registry.npmjs.org/fast-deep-equal/-/fast-deep-equal-3.1.3.tgz",
      "integrity": "sha512-f3qQ9oQy9j2AhBe/H9VC91wLmKBCCU/gDOnKNAYG5hswO7BLKj09Hc5HYNz9cGI++xlpDCIgDaitVs03ATR84Q=="
    },
    "hoist-non-react-statics": {
      "version": "3.3.2",
      "resolved": "https://registry.npmjs.org/hoist-non-react-statics/-/hoist-non-react-statics-3.3.2.tgz",
      "integrity": "sha512-/gGivxi8JPKWNm/W0jSmzcMPpfpPLc3dY/6GxhX2hQ9iGj3aDfklV4ET7NjKpSinLpJ5vafa9iiGIEZg10SfBw==",
      "requires": {
        "react-is": "^16.7.0"
      }
    },
    "js-tokens": {
      "version": "4.0.0",
      "resolved": "https://registry.npmjs.org/js-tokens/-/js-tokens-4.0.0.tgz",
      "integrity": "sha512-RdJUflcE3cUzKiMqQgsCu06FPu9UdIJO0beYbPhHN4k6apgJtifcoCtT9bcxOpYBtpD2kCM6Sbzg4CausW/PKQ=="
    },
    "loose-envify": {
      "version": "1.4.0",
      "resolved": "https://registry.npmjs.org/loose-envify/-/loose-envify-1.4.0.tgz",
      "integrity": "sha512-lyuxPGr/Wfhrlem2CL/UcnUc1zcqKAImBDzukY7Y5F/yQiNdko6+fRLevlw1HgMySw7f611UIY408EtxRSoK3Q==",
      "requires": {
        "js-tokens": "^3.0.0 || ^4.0.0"
      }
    },
    "object-assign": {
      "version": "4.1.1",
      "resolved": "https://registry.npmjs.org/object-assign/-/object-assign-4.1.1.tgz",
      "integrity": "sha512-rJgTQnkUnH1sFw8yT6VSU3zD3sWmu6sZhIseY8VX+GRu3P6F7Fu+JNDoXfklElbLJSnc3FUQHVe4cU5hj+BcUg=="
    },
    "prop-types": {
      "version": "15.8.1",
      "resolved": "https://registry.npmjs.org/prop-types/-/prop-types-15.8.1.tgz",
      "integrity": "sha512-oj87CgZICdulUohogVAR7AjlC0327U4el4L6eAvOqCeudMDVU0NThNaV+b9Df4dXgSP1gXMTnPdhfe/2qDH5cg==",
      "requires": {
        "loose-envify": "^1.4.0",
        "object-assign": "^4.1.1",
        "react-is": "^16.13.1"
      }
    },
    "react": {
      "version": "16.14.0",
      "resolved": "https://registry.npmjs.org/react/-/react-16.14.0.tgz",
      "integrity": "sha512-0X2CImDkJGApiAlcf0ODKIneSwBPhqJawOa5wCtKbu7ZECrmS26NvtSILynQ66cgkT/RJ4LidJOc3bUESwmU8g==",
      "requires": {
        "loose-envify": "^1.1.0",
        "object-assign": "^4.1.1",
        "prop-types": "^15.6.2"
      }
    },
    "react-chessboard": {
      "version": "1.2.5",
      "resolved": "https://registry.npmjs.org/react-chessboard/-/react-chessboard-1.2.5.tgz",
      "integrity": "sha512-7RC9xGiy8jBwVyVlUxuUkIaviroAEhaJBKlHwSJPKwMJ8MGiKd5pbaYC6XLT+qLU4nOetxF+qPFGB8P3ME+v6A==",
      "requires": {
        "react-dnd": "^14.0.3",
        "react-dnd-html5-backend": "^14.0.1",
        "react-dnd-multi-backend": "^6.0.2",
        "react-dnd-touch-backend": "^14.1.0"
      },
      "dependencies": {
        "react-dnd-html5-backend": {
          "version": "14.1.0",
          "resolved": "https://registry.npmjs.org/react-dnd-html5-backend/-/react-dnd-html5-backend-14.1.0.tgz",
          "integrity": "sha512-6ONeqEC3XKVf4eVmMTe0oPds+c5B9Foyj8p/ZKLb7kL2qh9COYxiBHv3szd6gztqi/efkmriywLUVlPotqoJyw==",
          "requires": {
            "dnd-core": "14.0.1"
          }
        },
        "react-dnd-touch-backend": {
          "version": "14.1.1",
          "resolved": "https://registry.npmjs.org/react-dnd-touch-backend/-/react-dnd-touch-backend-14.1.1.tgz",
          "integrity": "sha512-ITmfzn3fJrkUBiVLO6aJZcnu7T8C+GfwZitFryGsXKn5wYcUv+oQBeh9FYcMychmVbDdeUCfvEtTk9O+DKmAaw==",
          "requires": {
            "@react-dnd/invariant": "^2.0.0",
            "dnd-core": "14.0.1"
          }
        }
      }
    },
    "react-dnd": {
      "version": "14.0.5",
      "resolved": "https://registry.npmjs.org/react-dnd/-/react-dnd-14.0.5.tgz",
      "integrity": "sha512-9i1jSgbyVw0ELlEVt/NkCUkxy1hmhJOkePoCH713u75vzHGyXhPDm28oLfc2NMSBjZRM1Y+wRjHXJT3sPrTy+A==",
      "requires": {
        "@react-dnd/invariant": "^2.0.0",
        "@react-dnd/shallowequal": "^2.0.0",
        "dnd-core": "14.0.1",
        "fast-deep-equal": "^3.1.3",
        "hoist-non-react-statics": "^3.3.2"
      }
    },
    "react-dnd-html5-backend": {
      "version": "11.1.3",
      "resolved": "https://registry.npmjs.org/react-dnd-html5-backend/-/react-dnd-html5-backend-11.1.3.tgz",
      "integrity": "sha512-/1FjNlJbW/ivkUxlxQd7o3trA5DE33QiRZgxent3zKme8DwF4Nbw3OFVhTRFGaYhHFNL1rZt6Rdj1D78BjnNLw==",
      "peer": true,
      "requires": {
        "dnd-core": "^11.1.3"
      },
      "dependencies": {
        "dnd-core": {
          "version": "11.1.3",
          "resolved": "https://registry.npmjs.org/dnd-core/-/dnd-core-11.1.3.tgz",
          "integrity": "sha512-QugF55dNW+h+vzxVJ/LSJeTeUw9MCJ2cllhmVThVPEtF16ooBkxj0WBE5RB+AceFxMFo1rO6bJKXtqKl+JNnyA==",
          "peer": true,
          "requires": {
            "@react-dnd/asap": "^4.0.0",
            "@react-dnd/invariant": "^2.0.0",
            "redux": "^4.0.4"
          }
        }
      }
    },
    "react-dnd-multi-backend": {
      "version": "6.0.2",
      "resolved": "https://registry.npmjs.org/react-dnd-multi-backend/-/react-dnd-multi-backend-6.0.2.tgz",
      "integrity": "sha512-SwpqRv0HkJYu244FbHf9NbvGzGy14Ir9wIAhm909uvOVaHgsOq6I1THMSWSgpwUI31J3Bo5uS19tuvGpVPjzZw==",
      "requires": {
        "dnd-multi-backend": "^6.0.0",
        "prop-types": "^15.7.2",
        "react-dnd-preview": "^6.0.2"
      },
      "dependencies": {
        "dnd-core": {
          "version": "11.1.3",
          "resolved": "https://registry.npmjs.org/dnd-core/-/dnd-core-11.1.3.tgz",
          "integrity": "sha512-QugF55dNW+h+vzxVJ/LSJeTeUw9MCJ2cllhmVThVPEtF16ooBkxj0WBE5RB+AceFxMFo1rO6bJKXtqKl+JNnyA==",
          "peer": true,
          "requires": {
            "@react-dnd/asap": "^4.0.0",
            "@react-dnd/invariant": "^2.0.0",
            "redux": "^4.0.4"
          }
        },
        "react-dnd": {
          "version": "11.1.3",
          "resolved": "https://registry.npmjs.org/react-dnd/-/react-dnd-11.1.3.tgz",
          "integrity": "sha512-8rtzzT8iwHgdSC89VktwhqdKKtfXaAyC4wiqp0SywpHG12TTLvfOoL6xNEIUWXwIEWu+CFfDn4GZJyynCEuHIQ==",
          "peer": true,
          "requires": {
            "@react-dnd/shallowequal": "^2.0.0",
            "@types/hoist-non-react-statics": "^3.3.1",
            "dnd-core": "^11.1.3",
            "hoist-non-react-statics": "^3.3.0"
          }
        },
        "react-dnd-preview": {
          "version": "6.0.2",
          "resolved": "https://registry.npmjs.org/react-dnd-preview/-/react-dnd-preview-6.0.2.tgz",
          "integrity": "sha512-F2+uK4Be+q+7mZfNh9kaZols7wp1hX6G7UBTVaTpDsBpMhjFvY7/v7odxYSerSFBShh23MJl33a4XOVRFj1zoQ==",
          "requires": {
            "prop-types": "^15.7.2"
          }
        }
      }
    },
    "react-dnd-touch-backend": {
      "version": "11.1.3",
      "resolved": "https://registry.npmjs.org/react-dnd-touch-backend/-/react-dnd-touch-backend-11.1.3.tgz",
      "integrity": "sha512-8lz4fxfYwUuJ6Y2seQYwh8+OfwKcbBX0CIbz7AwXfBYz54Wg2nIDU6CP8Dyybt/Wyx4D3oXmTPEaOMB62uqJvQ==",
      "peer": true,
      "requires": {
        "@react-dnd/invariant": "^2.0.0",
        "dnd-core": "^11.1.3"
      },
      "dependencies": {
        "dnd-core": {
          "version": "11.1.3",
          "resolved": "https://registry.npmjs.org/dnd-core/-/dnd-core-11.1.3.tgz",
          "integrity": "sha512-QugF55dNW+h+vzxVJ/LSJeTeUw9MCJ2cllhmVThVPEtF16ooBkxj0WBE5RB+AceFxMFo1rO6bJKXtqKl+JNnyA==",
          "peer": true,
          "requires": {
            "@react-dnd/asap": "^4.0.0",
            "@react-dnd/invariant": "^2.0.0",
            "redux": "^4.0.4"
          }
        }
      }
    },
    "react-dom": {
      "version": "16.14.0",
      "resolved": "https://registry.npmjs.org/react-dom/-/react-dom-16.14.0.tgz",
      "integrity": "sha512-1gCeQXDLoIqMgqD3IO2Ah9bnf0w9kzhwN5q4FGnHZ67hBm9yePzB5JJAIQCc8x3pFnNlwFq4RidZggNAAkzWWw==",
      "requires": {
        "loose-envify": "^1.1.0",
        "object-assign": "^4.1.1",
        "prop-types": "^15.6.2",
        "scheduler": "^0.19.1"
      }
    },
    "react-is": {
      "version": "16.13.1",
      "resolved": "https://registry.npmjs.org/react-is/-/react-is-16.13.1.tgz",
      "integrity": "sha512-24e6ynE2H+OKt4kqsOvNd8kBpV65zoxbA4BVsEOB3ARVWQki/DHzaUoC5KuON/BiccDaCCTZBuOcfZs70kR8bQ=="
    },
    "redux": {
      "version": "4.2.0",
      "resolved": "https://registry.npmjs.org/redux/-/redux-4.2.0.tgz",
      "integrity": "sha512-oSBmcKKIuIR4ME29/AeNUnl5L+hvBq7OaJWzaptTQJAntaPvxIJqfnjbaEiCzzaIz+XmVILfqAM3Ob0aXLPfjA==",
      "requires": {
        "@babel/runtime": "^7.9.2"
      }
    },
    "regenerator-runtime": {
      "version": "0.13.9",
      "resolved": "https://registry.npmjs.org/regenerator-runtime/-/regenerator-runtime-0.13.9.tgz",
      "integrity": "sha512-p3VT+cOEgxFsRRA9X4lkI1E+k2/CtnKtU4gcxyaCUreilL/vqI6CdZ3wxVUx3UOUg+gnUOQQcRI7BmSI656MYA=="
    },
    "scheduler": {
      "version": "0.19.1",
      "resolved": "https://registry.npmjs.org/scheduler/-/scheduler-0.19.1.tgz",
      "integrity": "sha512-n/zwRWRYSUj0/3g/otKDRPMh6qv2SYMWNq85IEa8iZyAv8od9zDYpGSnpBEjNgcMNq6Scbu5KfIPxNF72R/2EA==",
      "requires": {
        "loose-envify": "^1.1.0",
        "object-assign": "^4.1.1"
      }
    }
  }
}
